
Microsoft Visual Studio Solution File, Format Version 12.00
# Visual Studio Version 17
VisualStudioVersion = 17.0.31903.59
MinimumVisualStudioVersion = 10.0.40219.1
Project("{2150E333-8FDC-42A3-9474-1A3956D46DE8}") = "src", "src", "{827E0CD3-B72D-47B6-A68D-7590B98EB39B}"
EndProject
Project("{2150E333-8FDC-42A3-9474-1A3956D46DE8}") = "Domain", "Domain", "{8B290487-4C16-E85E-E807-F579CBE9FC4D}"
EndProject
Project("{FAE04EC0-301F-11D3-BF4B-00C04F79EFBC}") = "ArpaSync.Domain", "src\Domain\ArpaSync.Domain\ArpaSync.Domain.csproj", "{859ED69D-85AF-4570-8E07-241D25A71BE6}"
EndProject
Project("{2150E333-8FDC-42A3-9474-1A3956D46DE8}") = "Application", "Application", "{22BAF98C-8415-17C4-B26A-D537657BC863}"
EndProject
Project("{FAE04EC0-301F-11D3-BF4B-00C04F79EFBC}") = "ArpaSync.Application", "src\Application\ArpaSync.Application\ArpaSync.Application.csproj", "{FDDA0DC3-175C-4432-9663-A9E0F5132601}"
EndProject
Project("{2150E333-8FDC-42A3-9474-1A3956D46DE8}") = "Infrastructure", "Infrastructure", "{9048EB7F-3875-A59E-E36B-5BD4C6F2A282}"
EndProject
Project("{FAE04EC0-301F-11D3-BF4B-00C04F79EFBC}") = "ArpaSync.Infrastructure", "src\Infrastructure\ArpaSync.Infrastructure\ArpaSync.Infrastructure.csproj", "{7EF7FBC6-5476-468C-B084-3DAF5684AE65}"
EndProject
Project("{2150E333-8FDC-42A3-9474-1A3956D46DE8}") = "WebApi", "WebApi", "{953D89DF-FDD2-4C1A-6A43-6326114B13B5}"
EndProject
Project("{FAE04EC0-301F-11D3-BF4B-00C04F79EFBC}") = "ArpaSync.WebApi", "src\WebApi\ArpaSync.WebApi\ArpaSync.WebApi.csproj", "{1E275B04-634E-41BB-97AE-18636F6F7AB1}"
EndProject
Global
	GlobalSection(SolutionConfigurationPlatforms) = preSolution
		Debug|Any CPU = Debug|Any CPU
		Debug|x64 = Debug|x64
		Debug|x86 = Debug|x86
		Release|Any CPU = Release|Any CPU
		Release|x64 = Release|x64
		Release|x86 = Release|x86
	EndGlobalSection
	GlobalSection(ProjectConfigurationPlatforms) = postSolution
		{859ED69D-85AF-4570-8E07-241D25A71BE6}.Debug|Any CPU.ActiveCfg = Debug|Any CPU
		{859ED69D-85AF-4570-8E07-241D25A71BE6}.Debug|Any CPU.Build.0 = Debug|Any CPU
		{859ED69D-85AF-4570-8E07-241D25A71BE6}.Debug|x64.ActiveCfg = Debug|Any CPU
		{859ED69D-85AF-4570-8E07-241D25A71BE6}.Debug|x64.Build.0 = Debug|Any CPU
		{859ED69D-85AF-4570-8E07-241D25A71BE6}.Debug|x86.ActiveCfg = Debug|Any CPU
		{859ED69D-85AF-4570-8E07-241D25A71BE6}.Debug|x86.Build.0 = Debug|Any CPU
		{859ED69D-85AF-4570-8E07-241D25A71BE6}.Release|Any CPU.ActiveCfg = Release|Any CPU
		{859ED69D-85AF-4570-8E07-241D25A71BE6}.Release|Any CPU.Build.0 = Release|Any CPU
		{859ED69D-85AF-4570-8E07-241D25A71BE6}.Release|x64.ActiveCfg = Release|Any CPU
		{859ED69D-85AF-4570-8E07-241D25A71BE6}.Release|x64.Build.0 = Release|Any CPU
		{859ED69D-85AF-4570-8E07-241D25A71BE6}.Release|x86.ActiveCfg = Release|Any CPU
		{859ED69D-85AF-4570-8E07-241D25A71BE6}.Release|x86.Build.0 = Release|Any CPU
		{FDDA0DC3-175C-4432-9663-A9E0F5132601}.Debug|Any CPU.ActiveCfg = Debug|Any CPU
		{FDDA0DC3-175C-4432-9663-A9E0F5132601}.Debug|Any CPU.Build.0 = Debug|Any CPU
		{FDDA0DC3-175C-4432-9663-A9E0F5132601}.Debug|x64.ActiveCfg = Debug|Any CPU
		{FDDA0DC3-175C-4432-9663-A9E0F5132601}.Debug|x64.Build.0 = Debug|Any CPU
		{FDDA0DC3-175C-4432-9663-A9E0F5132601}.Debug|x86.ActiveCfg = Debug|Any CPU
		{FDDA0DC3-175C-4432-9663-A9E0F5132601}.Debug|x86.Build.0 = Debug|Any CPU
		{FDDA0DC3-175C-4432-9663-A9E0F5132601}.Release|Any CPU.ActiveCfg = Release|Any CPU
		{FDDA0DC3-175C-4432-9663-A9E0F5132601}.Release|Any CPU.Build.0 = Release|Any CPU
		{FDDA0DC3-175C-4432-9663-A9E0F5132601}.Release|x64.ActiveCfg = Release|Any CPU
		{FDDA0DC3-175C-4432-9663-A9E0F5132601}.Release|x64.Build.0 = Release|Any CPU
		{FDDA0DC3-175C-4432-9663-A9E0F5132601}.Release|x86.ActiveCfg = Release|Any CPU
		{FDDA0DC3-175C-4432-9663-A9E0F5132601}.Release|x86.Build.0 = Release|Any CPU
		{7EF7FBC6-5476-468C-B084-3DAF5684AE65}.Debug|Any CPU.ActiveCfg = Debug|Any CPU
		{7EF7FBC6-5476-468C-B084-3DAF5684AE65}.Debug|Any CPU.Build.0 = Debug|Any CPU
		{7EF7FBC6-5476-468C-B084-3DAF5684AE65}.Debug|x64.ActiveCfg = Debug|Any CPU
		{7EF7FBC6-5476-468C-B084-3DAF5684AE65}.Debug|x64.Build.0 = Debug|Any CPU
		{7EF7FBC6-5476-468C-B084-3DAF5684AE65}.Debug|x86.ActiveCfg = Debug|Any CPU
		{7EF7FBC6-5476-468C-B084-3DAF5684AE65}.Debug|x86.Build.0 = Debug|Any CPU
		{7EF7FBC6-5476-468C-B084-3DAF5684AE65}.Release|Any CPU.ActiveCfg = Release|Any CPU
		{7EF7FBC6-5476-468C-B084-3DAF5684AE65}.Release|Any CPU.Build.0 = Release|Any CPU
		{7EF7FBC6-5476-468C-B084-3DAF5684AE65}.Release|x64.ActiveCfg = Release|Any CPU
		{7EF7FBC6-5476-468C-B084-3DAF5684AE65}.Release|x64.Build.0 = Release|Any CPU
		{7EF7FBC6-5476-468C-B084-3DAF5684AE65}.Release|x86.ActiveCfg = Release|Any CPU
		{7EF7FBC6-5476-468C-B084-3DAF5684AE65}.Release|x86.Build.0 = Release|Any CPU
		{1E275B04-634E-41BB-97AE-18636F6F7AB1}.Debug|Any CPU.ActiveCfg = Debug|Any CPU
		{1E275B04-634E-41BB-97AE-18636F6F7AB1}.Debug|Any CPU.Build.0 = Debug|Any CPU
		{1E275B04-634E-41BB-97AE-18636F6F7AB1}.Debug|x64.ActiveCfg = Debug|Any CPU
		{1E275B04-634E-41BB-97AE-18636F6F7AB1}.Debug|x64.Build.0 = Debug|Any CPU
		{1E275B04-634E-41BB-97AE-18636F6F7AB1}.Debug|x86.ActiveCfg = Debug|Any CPU
		{1E275B04-634E-41BB-97AE-18636F6F7AB1}.Debug|x86.Build.0 = Debug|Any CPU
		{1E275B04-634E-41BB-97AE-18636F6F7AB1}.Release|Any CPU.ActiveCfg = Release|Any CPU
		{1E275B04-634E-41BB-97AE-18636F6F7AB1}.Release|Any CPU.Build.0 = Release|Any CPU
		{1E275B04-634E-41BB-97AE-18636F6F7AB1}.Release|x64.ActiveCfg = Release|Any CPU
		{1E275B04-634E-41BB-97AE-18636F6F7AB1}.Release|x64.Build.0 = Release|Any CPU
		{1E275B04-634E-41BB-97AE-18636F6F7AB1}.Release|x86.ActiveCfg = Release|Any CPU
		{1E275B04-634E-41BB-97AE-18636F6F7AB1}.Release|x86.Build.0 = Release|Any CPU
	EndGlobalSection
	GlobalSection(SolutionProperties) = preSolution
		HideSolutionNode = FALSE
	EndGlobalSection
	GlobalSection(NestedProjects) = preSolution
		{8B290487-4C16-E85E-E807-F579CBE9FC4D} = {827E0CD3-B72D-47B6-A68D-7590B98EB39B}
		{859ED69D-85AF-4570-8E07-241D25A71BE6} = {8B290487-4C16-E85E-E807-F579CBE9FC4D}
		{22BAF98C-8415-17C4-B26A-D537657BC863} = {827E0CD3-B72D-47B6-A68D-7590B98EB39B}
		{FDDA0DC3-175C-4432-9663-A9E0F5132601} = {22BAF98C-8415-17C4-B26A-D537657BC863}
		{9048EB7F-3875-A59E-E36B-5BD4C6F2A282} = {827E0CD3-B72D-47B6-A68D-7590B98EB39B}
		{7EF7FBC6-5476-468C-B084-3DAF5684AE65} = {9048EB7F-3875-A59E-E36B-5BD4C6F2A282}
		{953D89DF-FDD2-4C1A-6A43-6326114B13B5} = {827E0CD3-B72D-47B6-A68D-7590B98EB39B}
		{1E275B04-634E-41BB-97AE-18636F6F7AB1} = {953D89DF-FDD2-4C1A-6A43-6326114B13B5}
	EndGlobalSection
EndGlobal
